
Microsoft Visual Studio Solution File, Format Version 12.00
# Visual Studio Version 17
VisualStudioVersion = 17.8.34330.188
MinimumVisualStudioVersion = 10.0.40219.1
Project("{9A19103F-16F7-4668-BE54-9A1E7A4F7556}") = "Lab6", "Lab6.csproj", "{7697738D-A3A4-4E89-B4A0-DECAC22C4A0B}"
EndProject
Project("{9A19103F-16F7-4668-BE54-9A1E7A4F7556}") = "Classes", "..\Classes\Classes.csproj", "{AFC4D9EB-A281-4C81-8774-413A97FE3AA6}"
EndProject
Project("{2150E333-8FDC-42A3-9474-1A3956D46DE8}") = "Элементы решения", "Элементы решения", "{6087C667-446D-45C9-B316-FA6D0C18EF51}"
	ProjectSection(SolutionItems) = preProject
		..\task_06_examples\input_1000a.txt = ..\task_06_examples\input_1000a.txt
		..\task_06_examples\input_1000b.txt = ..\task_06_examples\input_1000b.txt
		..\task_06_examples\input_1000c.txt = ..\task_06_examples\input_1000c.txt
		..\task_06_examples\input_100a.txt = ..\task_06_examples\input_100a.txt
		..\task_06_examples\input_100b.txt = ..\task_06_examples\input_100b.txt
		..\task_06_examples\input_100c.txt = ..\task_06_examples\input_100c.txt
		..\task_06_examples\input_10a.txt = ..\task_06_examples\input_10a.txt
		..\task_06_examples\input_10b.txt = ..\task_06_examples\input_10b.txt
		..\task_06_examples\input_10c.txt = ..\task_06_examples\input_10c.txt
		..\task_06_examples\output_1000a_501.txt = ..\task_06_examples\output_1000a_501.txt
		..\task_06_examples\output_1000b_1025.txt = ..\task_06_examples\output_1000b_1025.txt
		..\task_06_examples\output_1000c_513.txt = ..\task_06_examples\output_1000c_513.txt
		..\task_06_examples\output_100a_51.txt = ..\task_06_examples\output_100a_51.txt
		..\task_06_examples\output_100b_78.txt = ..\task_06_examples\output_100b_78.txt
		..\task_06_examples\output_100c_103.txt = ..\task_06_examples\output_100c_103.txt
		..\task_06_examples\output_10a_9.txt = ..\task_06_examples\output_10a_9.txt
		..\task_06_examples\output_10b_7.txt = ..\task_06_examples\output_10b_7.txt
		..\task_06_examples\output_10c_9.txt = ..\task_06_examples\output_10c_9.txt
	EndProjectSection
EndProject
Global
	GlobalSection(SolutionConfigurationPlatforms) = preSolution
		Debug|Any CPU = Debug|Any CPU
		Release|Any CPU = Release|Any CPU
	EndGlobalSection
	GlobalSection(ProjectConfigurationPlatforms) = postSolution
		{7697738D-A3A4-4E89-B4A0-DECAC22C4A0B}.Debug|Any CPU.ActiveCfg = Debug|Any CPU
		{7697738D-A3A4-4E89-B4A0-DECAC22C4A0B}.Debug|Any CPU.Build.0 = Debug|Any CPU
		{7697738D-A3A4-4E89-B4A0-DECAC22C4A0B}.Release|Any CPU.ActiveCfg = Release|Any CPU
		{7697738D-A3A4-4E89-B4A0-DECAC22C4A0B}.Release|Any CPU.Build.0 = Release|Any CPU
		{AFC4D9EB-A281-4C81-8774-413A97FE3AA6}.Debug|Any CPU.ActiveCfg = Debug|Any CPU
		{AFC4D9EB-A281-4C81-8774-413A97FE3AA6}.Debug|Any CPU.Build.0 = Debug|Any CPU
		{AFC4D9EB-A281-4C81-8774-413A97FE3AA6}.Release|Any CPU.ActiveCfg = Release|Any CPU
		{AFC4D9EB-A281-4C81-8774-413A97FE3AA6}.Release|Any CPU.Build.0 = Release|Any CPU
	EndGlobalSection
	GlobalSection(SolutionProperties) = preSolution
		HideSolutionNode = FALSE
	EndGlobalSection
	GlobalSection(ExtensibilityGlobals) = postSolution
		SolutionGuid = {FDD5EF63-EC2E-418D-A3E9-F9B35EED8974}
	EndGlobalSection
EndGlobal
